
Microsoft Visual Studio Solution File, Format Version 12.00
# Visual Studio Version 16
VisualStudioVersion = 16.0.28803.452
MinimumVisualStudioVersion = 10.0.40219.1
Project("{FAE04EC0-301F-11D3-BF4B-00C04F79EFBC}") = "ListBox", "ListBox\ListBox.csproj", "{2635DC16-C1EA-4205-BE96-D03910C8BAB1}"
EndProject
Global
	GlobalSection(SolutionConfigurationPlatforms) = preSolution
		Debug|Any CPU = Debug|Any CPU
		Release|Any CPU = Release|Any CPU
	EndGlobalSection
	GlobalSection(ProjectConfigurationPlatforms) = postSolution
		{2635DC16-C1EA-4205-BE96-D03910C8BAB1}.Debug|Any CPU.ActiveCfg = Debug|Any CPU
		{2635DC16-C1EA-4205-BE96-D03910C8BAB1}.Debug|Any CPU.Build.0 = Debug|Any CPU
		{2635DC16-C1EA-4205-BE96-D03910C8BAB1}.Release|Any CPU.ActiveCfg = Release|Any CPU
		{2635DC16-C1EA-4205-BE96-D03910C8BAB1}.Release|Any CPU.Build.0 = Release|Any CPU
	EndGlobalSection
	GlobalSection(SolutionProperties) = preSolution
		HideSolutionNode = FALSE
	EndGlobalSection
	GlobalSection(ExtensibilityGlobals) = postSolution
		SolutionGuid = {8E845744-A6E7-40E0-BC88-027BE700F811}
	EndGlobalSection
EndGlobal
